{
    "_readme": [
        "This file locks the dependencies of your project to a known state",
        "Read more about it at https://getcomposer.org/doc/01-basic-usage.md#installing-dependencies",
        "This file is @generated automatically"
    ],
    "content-hash": "0666ea3ccc7d6f0b476ba2923ac0ec51",
    "packages": [
        {
            "name": "rudin/otus",
            "version": "v1.0.0",
            "source": {
                "type": "git",
                "url": "https://github.com/rudinandrey/Homework3.git",
                "reference": "2d19846ca58e3969049cdd5fb0fe7c19bc9fd8b8"
            },
            "dist": {
                "type": "zip",
                "url": "https://api.github.com/repos/rudinandrey/Homework3/zipball/2d19846ca58e3969049cdd5fb0fe7c19bc9fd8b8",
                "reference": "2d19846ca58e3969049cdd5fb0fe7c19bc9fd8b8",
                "shasum": ""
            },
            "require": {
                "php": ">=7.0.0"
            },
            "type": "library",
            "autoload": {
                "psr-4": {
                    "Rudin\\": "src/Rudin"
                }
            },
            "notification-url": "https://packagist.org/downloads/",
            "license": [
                "MIT"
            ],
            "authors": [
                {
                    "name": "rudinandrey",
                    "email": "rudinandrey@yandex.ru"
                }
            ],
            "description": "Homework3 for OTUS",
            "homepage": "https://github.com/rudinandrey/Homework",
            "time": "2019-12-14T16:37:12+00:00"
        }
    ],
    "packages-dev": [],
    "aliases": [],
    "minimum-stability": "stable",
    "stability-flags": [],
    "prefer-stable": false,
    "prefer-lowest": false,
    "platform": [],
    "platform-dev": []
}
