{
    "_readme": [
        "This file locks the dependencies of your project to a known state",
        "Read more about it at https://getcomposer.org/doc/01-basic-usage.md#installing-dependencies",
        "This file is @generated automatically"
    ],
    "content-hash": "33bacee2339db278323c6a0c90796819",
    "packages": [
        {
            "name": "php-amqplib/php-amqplib",
            "version": "dev-master",
            "source": {
                "type": "git",
                "url": "https://github.com/php-amqplib/php-amqplib.git",
                "reference": "f65365c48b64fd9a0a2a0230d60bd7fab1f657c9"
            },
            "dist": {
                "type": "zip",
                "url": "https://api.github.com/repos/php-amqplib/php-amqplib/zipball/f65365c48b64fd9a0a2a0230d60bd7fab1f657c9",
                "reference": "f65365c48b64fd9a0a2a0230d60bd7fab1f657c9",
                "shasum": ""
            },
            "require": {
                "ext-bcmath": "*",
                "ext-sockets": "*",
                "php": ">=5.6"
            },
            "replace": {
                "videlalvaro/php-amqplib": "self.version"
            },
            "require-dev": {
                "ext-curl": "*",
                "nategood/httpful": "^0.2.20",
                "phpdocumentor/phpdocumentor": "^2.9",
                "phpunit/phpunit": "^4.8|^5.7",
                "squizlabs/php_codesniffer": "^2.5"
            },
            "type": "library",
            "extra": {
                "branch-alias": {
                    "dev-master": "2.10-dev"
                }
            },
            "autoload": {
                "psr-4": {
                    "PhpAmqpLib\\": "PhpAmqpLib/"
                }
            },
            "notification-url": "https://packagist.org/downloads/",
            "license": [
                "LGPL-2.1-or-later"
            ],
            "authors": [
                {
                    "name": "Alvaro Videla",
                    "role": "Original Maintainer"
                },
                {
                    "name": "John Kelly",
                    "role": "Maintainer",
                    "email": "johnmkelly86@gmail.com"
                },
                {
                    "name": "Raúl Araya",
                    "role": "Maintainer",
                    "email": "nubeiro@gmail.com"
                },
                {
                    "name": "Luke Bakken",
                    "role": "Maintainer",
                    "email": "luke@bakken.io"
                }
            ],
            "description": "Formerly videlalvaro/php-amqplib.  This library is a pure PHP implementation of the AMQP protocol. It's been tested against RabbitMQ.",
            "homepage": "https://github.com/php-amqplib/php-amqplib/",
            "keywords": [
                "message",
                "queue",
                "rabbitmq"
            ],
            "time": "2019-07-11T15:45:02+00:00"
        }
    ],
    "packages-dev": [],
    "aliases": [],
    "minimum-stability": "dev",
    "stability-flags": [],
    "prefer-stable": false,
    "prefer-lowest": false,
    "platform": {
        "php": ">=7.1",
        "ext-bcmath": "*",
        "ext-sockets": "*"
    },
    "platform-dev": []
}
