{
    "_readme": [
        "This file locks the dependencies of your project to a known state",
        "Read more about it at https://getcomposer.org/doc/01-basic-usage.md#composer-lock-the-lock-file",
        "This file is @generated automatically"
    ],
    "content-hash": "07e74d737af3fb144b98a699562aaa99",
    "packages": [
        {
            "name": "petrov-aa/otus-hw4-2",
            "version": "v1.0",
            "source": {
                "type": "git",
                "url": "https://github.com/petrov-aa/otus-hw4-2.git",
                "reference": "785cb7aed805e9e6ef68ebe400a59ecdbc39a701"
            },
            "dist": {
                "type": "zip",
                "url": "https://api.github.com/repos/petrov-aa/otus-hw4-2/zipball/785cb7aed805e9e6ef68ebe400a59ecdbc39a701",
                "reference": "785cb7aed805e9e6ef68ebe400a59ecdbc39a701",
                "shasum": ""
            },
            "type": "library",
            "autoload": {
                "psr-4": {
                    "PetrovAA\\HW4_2\\": "src/"
                }
            },
            "notification-url": "https://packagist.org/downloads/",
            "license": [
                "MIT"
            ],
            "authors": [
                {
                    "name": "Aleksandr Petrov",
                    "email": "petrov.aa@phystech.edu"
                }
            ],
            "description": "Petrov-AA, Otus Backend PHP Course, 2019, HW4-2",
            "time": "2019-05-08T19:45:51+00:00"
        }
    ],
    "packages-dev": [],
    "aliases": [],
    "minimum-stability": "stable",
    "stability-flags": [],
    "prefer-stable": false,
    "prefer-lowest": false,
    "platform": [],
    "platform-dev": []
}
