{
    "_readme": [
        "This file locks the dependencies of your project to a known state",
        "Read more about it at https://getcomposer.org/doc/01-basic-usage.md#installing-dependencies",
        "This file is @generated automatically"
    ],
    "content-hash": "bc68ab255d63955fdd6d07b80fa14564",
    "packages": [
        {
            "name": "darreg/helloworld",
            "version": "1.0.0",
            "source": {
                "type": "git",
                "url": "https://github.com/darreg/helloworld.git",
                "reference": "07d02d29bd62183521d57c85503ea6c459a4fcbf"
            },
            "dist": {
                "type": "zip",
                "url": "https://api.github.com/repos/darreg/helloworld/zipball/07d02d29bd62183521d57c85503ea6c459a4fcbf",
                "reference": "07d02d29bd62183521d57c85503ea6c459a4fcbf",
                "shasum": ""
            },
            "require": {
                "php": "^7.4"
            },
            "type": "library",
            "autoload": {
                "psr-4": {
                    "HelloWorld\\": "src/"
                }
            },
            "notification-url": "https://packagist.org/downloads/",
            "authors": [
                {
                    "name": "Alex Rundquist",
                    "email": "alrund@gmail.com"
                }
            ],
            "time": "2020-07-04T09:31:03+00:00"
        }
    ],
    "packages-dev": [],
    "aliases": [],
    "minimum-stability": "stable",
    "stability-flags": [],
    "prefer-stable": false,
    "prefer-lowest": false,
    "platform": [],
    "platform-dev": [],
    "plugin-api-version": "1.1.0"
}
