{
    "_readme": [
        "This file locks the dependencies of your project to a known state",
        "Read more about it at https://getcomposer.org/doc/01-basic-usage.md#composer-lock-the-lock-file",
        "This file is @generated automatically"
    ],
    "content-hash": "9f08a579af08f080b9a0586723478dee",
    "packages": [
        {
            "name": "ifomin/brackets",
            "version": "dev-master",
            "source": {
                "type": "git",
                "url": "https://github.com/ivanfomin/pairBrackets.git",
                "reference": "a20180ac2c26dfce79900b77431e251b8bd72195"
            },
            "dist": {
                "type": "zip",
                "url": "https://api.github.com/repos/ivanfomin/pairBrackets/zipball/a20180ac2c26dfce79900b77431e251b8bd72195",
                "reference": "a20180ac2c26dfce79900b77431e251b8bd72195",
                "shasum": ""
            },
            "require": {
                "php": ">=7.0"
            },
            "type": "library",
            "autoload": {
                "psr-4": {
                    "App\\": "src/App"
                }
            },
            "notification-url": "https://packagist.org/downloads/",
            "license": [
                "MIT"
            ],
            "authors": [
                {
                    "name": "Ivan Fomin",
                    "email": "la-verne@mail.ru"
                }
            ],
            "description": "tell you even or odd count brackets in code",
            "time": "2019-04-11T09:15:09+00:00"
        }
    ],
    "packages-dev": [],
    "aliases": [],
    "minimum-stability": "stable",
    "stability-flags": {
        "ifomin/brackets": 20
    },
    "prefer-stable": false,
    "prefer-lowest": false,
    "platform": [],
    "platform-dev": []
}
